// !$*UTF8*$!
{
	archiveVersion = 1;
	classes = {
	};
	objectVersion = 56;
	objects = {

/* Begin PBXBuildFile section */
		81631DDB2CAC67B000BAB853 /* AppDelegate.swift in Sources */ = {isa = PBXBuildFile; fileRef = 81631DDA2CAC67B000BAB853 /* AppDelegate.swift */; };
		81631DDD2CAC67B000BAB853 /* SceneDelegate.swift in Sources */ = {isa = PBXBuildFile; fileRef = 81631DDC2CAC67B000BAB853 /* SceneDelegate.swift */; };
		81631DDF2CAC67B000BAB853 /* ViewController.swift in Sources */ = {isa = PBXBuildFile; fileRef = 81631DDE2CAC67B000BAB853 /* ViewController.swift */; };
		81631DE22CAC67B000BAB853 /* Base in Resources */ = {isa = PBXBuildFile; fileRef = 81631DE12CAC67B000BAB853 /* Base */; };
		81631DE52CAC67B000BAB853 /* ToDo_App.xcdatamodeld in Sources */ = {isa = PBXBuildFile; fileRef = 81631DE32CAC67B000BAB853 /* ToDo_App.xcdatamodeld */; };
		81631DE72CAC67B200BAB853 /* Assets.xcassets in Resources */ = {isa = PBXBuildFile; fileRef = 81631DE62CAC67B200BAB853 /* Assets.xcassets */; };
		81631DEA2CAC67B200BAB853 /* Base in Resources */ = {isa = PBXBuildFile; fileRef = 81631DE92CAC67B200BAB853 /* Base */; };
		81631DF52CAC68DC00BAB853 /* CreateUserViewController.swift in Sources */ = {isa = PBXBuildFile; fileRef = 81631DF42CAC68DC00BAB853 /* CreateUserViewController.swift */; };
		81631DF72CAC68E700BAB853 /* EditUserViewController.swift in Sources */ = {isa = PBXBuildFile; fileRef = 81631DF62CAC68E700BAB853 /* EditUserViewController.swift */; };
		81631DF92CAC68F900BAB853 /* DetailUserViewController.swift in Sources */ = {isa = PBXBuildFile; fileRef = 81631DF82CAC68F900BAB853 /* DetailUserViewController.swift */; };
		81ACE2B72CAD6045003D1C6E /* UserData.swift in Sources */ = {isa = PBXBuildFile; fileRef = 81ACE2B62CAD6045003D1C6E /* UserData.swift */; };
		81ACE2B92CAE7D0E003D1C6E /* CustomTableCell.swift in Sources */ = {isa = PBXBuildFile; fileRef = 81ACE2B82CAE7D0E003D1C6E /* CustomTableCell.swift */; };
		FE2B7F672CB799ED0014FAB2 /* CoreDataManager.swift in Sources */ = {isa = PBXBuildFile; fileRef = FE2B7F662CB799ED0014FAB2 /* CoreDataManager.swift */; };
		FE2B7F6E2CB79D230014FAB2 /* Users+CoreDataClass.swift in Sources */ = {isa = PBXBuildFile; fileRef = FE2B7F6C2CB79D230014FAB2 /* Users+CoreDataClass.swift */; };
		FE2B7F6F2CB79D230014FAB2 /* Users+CoreDataProperties.swift in Sources */ = {isa = PBXBuildFile; fileRef = FE2B7F6D2CB79D230014FAB2 /* Users+CoreDataProperties.swift */; };
		FE2B7F712CB79DE90014FAB2 /* Extension.swift in Sources */ = {isa = PBXBuildFile; fileRef = FE2B7F702CB79DE90014FAB2 /* Extension.swift */; };
		FE2B7F742CB79ED00014FAB2 /* HomeViewModel.swift in Sources */ = {isa = PBXBuildFile; fileRef = FE2B7F732CB79ED00014FAB2 /* HomeViewModel.swift */; };
/* End PBXBuildFile section */

/* Begin PBXFileReference section */
		81631DD72CAC67B000BAB853 /* ToDo-App.app */ = {isa = PBXFileReference; explicitFileType = wrapper.application; includeInIndex = 0; path = "ToDo-App.app"; sourceTree = BUILT_PRODUCTS_DIR; };
		81631DDA2CAC67B000BAB853 /* AppDelegate.swift */ = {isa = PBXFileReference; lastKnownFileType = sourcecode.swift; path = AppDelegate.swift; sourceTree = "<group>"; };
		81631DDC2CAC67B000BAB853 /* SceneDelegate.swift */ = {isa = PBXFileReference; lastKnownFileType = sourcecode.swift; path = SceneDelegate.swift; sourceTree = "<group>"; };
		81631DDE2CAC67B000BAB853 /* ViewController.swift */ = {isa = PBXFileReference; lastKnownFileType = sourcecode.swift; path = ViewController.swift; sourceTree = "<group>"; };
		81631DE12CAC67B000BAB853 /* Base */ = {isa = PBXFileReference; lastKnownFileType = file.storyboard; name = Base; path = Base.lproj/Main.storyboard; sourceTree = "<group>"; };
		81631DE42CAC67B000BAB853 /* ToDo_App.xcdatamodel */ = {isa = PBXFileReference; lastKnownFileType = wrapper.xcdatamodel; path = ToDo_App.xcdatamodel; sourceTree = "<group>"; };
		81631DE62CAC67B200BAB853 /* Assets.xcassets */ = {isa = PBXFileReference; lastKnownFileType = folder.assetcatalog; path = Assets.xcassets; sourceTree = "<group>"; };
		81631DE92CAC67B200BAB853 /* Base */ = {isa = PBXFileReference; lastKnownFileType = file.storyboard; name = Base; path = Base.lproj/LaunchScreen.storyboard; sourceTree = "<group>"; };
		81631DEB2CAC67B200BAB853 /* Info.plist */ = {isa = PBXFileReference; lastKnownFileType = text.plist.xml; path = Info.plist; sourceTree = "<group>"; };
		81631DF42CAC68DC00BAB853 /* CreateUserViewController.swift */ = {isa = PBXFileReference; lastKnownFileType = sourcecode.swift; path = CreateUserViewController.swift; sourceTree = "<group>"; };
		81631DF62CAC68E700BAB853 /* EditUserViewController.swift */ = {isa = PBXFileReference; lastKnownFileType = sourcecode.swift; path = EditUserViewController.swift; sourceTree = "<group>"; };
		81631DF82CAC68F900BAB853 /* DetailUserViewController.swift */ = {isa = PBXFileReference; lastKnownFileType = sourcecode.swift; path = DetailUserViewController.swift; sourceTree = "<group>"; };
		81ACE2B62CAD6045003D1C6E /* UserData.swift */ = {isa = PBXFileReference; lastKnownFileType = sourcecode.swift; path = UserData.swift; sourceTree = "<group>"; };
		81ACE2B82CAE7D0E003D1C6E /* CustomTableCell.swift */ = {isa = PBXFileReference; lastKnownFileType = sourcecode.swift; path = CustomTableCell.swift; sourceTree = "<group>"; };
		FE2B7F662CB799ED0014FAB2 /* CoreDataManager.swift */ = {isa = PBXFileReference; lastKnownFileType = sourcecode.swift; path = CoreDataManager.swift; sourceTree = "<group>"; };
		FE2B7F6C2CB79D230014FAB2 /* Users+CoreDataClass.swift */ = {isa = PBXFileReference; lastKnownFileType = sourcecode.swift; path = "Users+CoreDataClass.swift"; sourceTree = "<group>"; };
		FE2B7F6D2CB79D230014FAB2 /* Users+CoreDataProperties.swift */ = {isa = PBXFileReference; lastKnownFileType = sourcecode.swift; path = "Users+CoreDataProperties.swift"; sourceTree = "<group>"; };
		FE2B7F702CB79DE90014FAB2 /* Extension.swift */ = {isa = PBXFileReference; lastKnownFileType = sourcecode.swift; path = Extension.swift; sourceTree = "<group>"; };
		FE2B7F732CB79ED00014FAB2 /* HomeViewModel.swift */ = {isa = PBXFileReference; lastKnownFileType = sourcecode.swift; path = HomeViewModel.swift; sourceTree = "<group>"; };
/* End PBXFileReference section */

/* Begin PBXFrameworksBuildPhase section */
		81631DD42CAC67B000BAB853 /* Frameworks */ = {
			isa = PBXFrameworksBuildPhase;
			buildActionMask = 2147483647;
			files = (
			);
			runOnlyForDeploymentPostprocessing = 0;
		};
/* End PBXFrameworksBuildPhase section */

/* Begin PBXGroup section */
		81631DCE2CAC67B000BAB853 = {
			isa = PBXGroup;
			children = (
				81631DD92CAC67B000BAB853 /* ToDo-App */,
				81631DD82CAC67B000BAB853 /* Products */,
			);
			sourceTree = "<group>";
		};
		81631DD82CAC67B000BAB853 /* Products */ = {
			isa = PBXGroup;
			children = (
				81631DD72CAC67B000BAB853 /* ToDo-App.app */,
			);
			name = Products;
			sourceTree = "<group>";
		};
		81631DD92CAC67B000BAB853 /* ToDo-App */ = {
			isa = PBXGroup;
			children = (
				81631DDA2CAC67B000BAB853 /* AppDelegate.swift */,
				81631DDC2CAC67B000BAB853 /* SceneDelegate.swift */,
				FE2B7F652CB799E20014FAB2 /* Helper */,
				81631DF32CAC681D00BAB853 /* Controller */,
				81631DF22CAC681700BAB853 /* View */,
				81631DF12CAC680E00BAB853 /* Model */,
				FE2B7F722CB79EBC0014FAB2 /* ViewModel */,
				81631DE02CAC67B000BAB853 /* Main.storyboard */,
				81631DE62CAC67B200BAB853 /* Assets.xcassets */,
				81631DE82CAC67B200BAB853 /* LaunchScreen.storyboard */,
				81631DEB2CAC67B200BAB853 /* Info.plist */,
				81631DE32CAC67B000BAB853 /* ToDo_App.xcdatamodeld */,
				FE2B7F6C2CB79D230014FAB2 /* Users+CoreDataClass.swift */,
				FE2B7F6D2CB79D230014FAB2 /* Users+CoreDataProperties.swift */,
			);
			path = "ToDo-App";
			sourceTree = "<group>";
		};
		81631DF12CAC680E00BAB853 /* Model */ = {
			isa = PBXGroup;
			children = (
				81ACE2B62CAD6045003D1C6E /* UserData.swift */,
			);
			name = Model;
			sourceTree = "<group>";
		};
		81631DF22CAC681700BAB853 /* View */ = {
			isa = PBXGroup;
			children = (
				81ACE2B82CAE7D0E003D1C6E /* CustomTableCell.swift */,
			);
			path = View;
			sourceTree = "<group>";
		};
		81631DF32CAC681D00BAB853 /* Controller */ = {
			isa = PBXGroup;
			children = (
				81631DDE2CAC67B000BAB853 /* ViewController.swift */,
				81631DF42CAC68DC00BAB853 /* CreateUserViewController.swift */,
				81631DF62CAC68E700BAB853 /* EditUserViewController.swift */,
				81631DF82CAC68F900BAB853 /* DetailUserViewController.swift */,
			);
			name = Controller;
			sourceTree = "<group>";
		};
		FE2B7F652CB799E20014FAB2 /* Helper */ = {
			isa = PBXGroup;
			children = (
				FE2B7F662CB799ED0014FAB2 /* CoreDataManager.swift */,
				FE2B7F702CB79DE90014FAB2 /* Extension.swift */,
			);
			name = Helper;
			sourceTree = "<group>";
		};
		FE2B7F722CB79EBC0014FAB2 /* ViewModel */ = {
			isa = PBXGroup;
			children = (
				FE2B7F732CB79ED00014FAB2 /* HomeViewModel.swift */,
			);
			name = ViewModel;
			sourceTree = "<group>";
		};
/* End PBXGroup section */

/* Begin PBXNativeTarget section */
		81631DD62CAC67B000BAB853 /* ToDo-App */ = {
			isa = PBXNativeTarget;
			buildConfigurationList = 81631DEE2CAC67B200BAB853 /* Build configuration list for PBXNativeTarget "ToDo-App" */;
			buildPhases = (
				81631DD32CAC67B000BAB853 /* Sources */,
				81631DD42CAC67B000BAB853 /* Frameworks */,
				81631DD52CAC67B000BAB853 /* Resources */,
			);
			buildRules = (
			);
			dependencies = (
			);
			name = "ToDo-App";
			productName = "ToDo-App";
			productReference = 81631DD72CAC67B000BAB853 /* ToDo-App.app */;
			productType = "com.apple.product-type.application";
		};
/* End PBXNativeTarget section */

/* Begin PBXProject section */
		81631DCF2CAC67B000BAB853 /* Project object */ = {
			isa = PBXProject;
			attributes = {
				BuildIndependentTargetsInParallel = 1;
				LastSwiftUpdateCheck = 1540;
				LastUpgradeCheck = 1540;
				TargetAttributes = {
					81631DD62CAC67B000BAB853 = {
						CreatedOnToolsVersion = 15.4;
					};
				};
			};
			buildConfigurationList = 81631DD22CAC67B000BAB853 /* Build configuration list for PBXProject "ToDo-App" */;
			compatibilityVersion = "Xcode 14.0";
			developmentRegion = en;
			hasScannedForEncodings = 0;
			knownRegions = (
				en,
				Base,
			);
			mainGroup = 81631DCE2CAC67B000BAB853;
			productRefGroup = 81631DD82CAC67B000BAB853 /* Products */;
			projectDirPath = "";
			projectRoot = "";
			targets = (
				81631DD62CAC67B000BAB853 /* ToDo-App */,
			);
		};
/* End PBXProject section */

/* Begin PBXResourcesBuildPhase section */
		81631DD52CAC67B000BAB853 /* Resources */ = {
			isa = PBXResourcesBuildPhase;
			buildActionMask = 2147483647;
			files = (
				81631DE72CAC67B200BAB853 /* Assets.xcassets in Resources */,
				81631DEA2CAC67B200BAB853 /* Base in Resources */,
				81631DE22CAC67B000BAB853 /* Base in Resources */,
			);
			runOnlyForDeploymentPostprocessing = 0;
		};
/* End PBXResourcesBuildPhase section */

/* Begin PBXSourcesBuildPhase section */
		81631DD32CAC67B000BAB853 /* Sources */ = {
			isa = PBXSourcesBuildPhase;
			buildActionMask = 2147483647;
			files = (
				81631DDF2CAC67B000BAB853 /* ViewController.swift in Sources */,
				81631DF52CAC68DC00BAB853 /* CreateUserViewController.swift in Sources */,
				81ACE2B92CAE7D0E003D1C6E /* CustomTableCell.swift in Sources */,
				81631DDB2CAC67B000BAB853 /* AppDelegate.swift in Sources */,
				FE2B7F6E2CB79D230014FAB2 /* Users+CoreDataClass.swift in Sources */,
				FE2B7F6F2CB79D230014FAB2 /* Users+CoreDataProperties.swift in Sources */,
				81ACE2B72CAD6045003D1C6E /* UserData.swift in Sources */,
				81631DF72CAC68E700BAB853 /* EditUserViewController.swift in Sources */,
				81631DDD2CAC67B000BAB853 /* SceneDelegate.swift in Sources */,
				FE2B7F742CB79ED00014FAB2 /* HomeViewModel.swift in Sources */,
				FE2B7F712CB79DE90014FAB2 /* Extension.swift in Sources */,
				81631DF92CAC68F900BAB853 /* DetailUserViewController.swift in Sources */,
				FE2B7F672CB799ED0014FAB2 /* CoreDataManager.swift in Sources */,
				81631DE52CAC67B000BAB853 /* ToDo_App.xcdatamodeld in Sources */,
			);
			runOnlyForDeploymentPostprocessing = 0;
		};
/* End PBXSourcesBuildPhase section */

/* Begin PBXVariantGroup section */
		81631DE02CAC67B000BAB853 /* Main.storyboard */ = {
			isa = PBXVariantGroup;
			children = (
				81631DE12CAC67B000BAB853 /* Base */,
			);
			name = Main.storyboard;
			sourceTree = "<group>";
		};
		81631DE82CAC67B200BAB853 /* LaunchScreen.storyboard */ = {
			isa = PBXVariantGroup;
			children = (
				81631DE92CAC67B200BAB853 /* Base */,
			);
			name = LaunchScreen.storyboard;
			sourceTree = "<group>";
		};
/* End PBXVariantGroup section */

/* Begin XCBuildConfiguration section */
		81631DEC2CAC67B200BAB853 /* Debug */ = {
			isa = XCBuildConfiguration;
			buildSettings = {
				ALWAYS_SEARCH_USER_PATHS = NO;
				ASSETCATALOG_COMPILER_GENERATE_SWIFT_ASSET_SYMBOL_EXTENSIONS = YES;
				CLANG_ANALYZER_NONNULL = YES;
				CLANG_ANALYZER_NUMBER_OBJECT_CONVERSION = YES_AGGRESSIVE;
				CLANG_CXX_LANGUAGE_STANDARD = "gnu++20";
				CLANG_ENABLE_MODULES = YES;
				CLANG_ENABLE_OBJC_ARC = YES;
				CLANG_ENABLE_OBJC_WEAK = YES;
				CLANG_WARN_BLOCK_CAPTURE_AUTORELEASING = YES;
				CLANG_WARN_BOOL_CONVERSION = YES;
				CLANG_WARN_COMMA = YES;
				CLANG_WARN_CONSTANT_CONVERSION = YES;
				CLANG_WARN_DEPRECATED_OBJC_IMPLEMENTATIONS = YES;
				CLANG_WARN_DIRECT_OBJC_ISA_USAGE = YES_ERROR;
				CLANG_WARN_DOCUMENTATION_COMMENTS = YES;
				CLANG_WARN_EMPTY_BODY = YES;
				CLANG_WARN_ENUM_CONVERSION = YES;
				CLANG_WARN_INFINITE_RECURSION = YES;
				CLANG_WARN_INT_CONVERSION = YES;
				CLANG_WARN_NON_LITERAL_NULL_CONVERSION = YES;
				CLANG_WARN_OBJC_IMPLICIT_RETAIN_SELF = YES;
				CLANG_WARN_OBJC_LITERAL_CONVERSION = YES;
				CLANG_WARN_OBJC_ROOT_CLASS = YES_ERROR;
				CLANG_WARN_QUOTED_INCLUDE_IN_FRAMEWORK_HEADER = YES;
				CLANG_WARN_RANGE_LOOP_ANALYSIS = YES;
				CLANG_WARN_STRICT_PROTOTYPES = YES;
				CLANG_WARN_SUSPICIOUS_MOVE = YES;
				CLANG_WARN_UNGUARDED_AVAILABILITY = YES_AGGRESSIVE;
				CLANG_WARN_UNREACHABLE_CODE = YES;
				CLANG_WARN__DUPLICATE_METHOD_MATCH = YES;
				COPY_PHASE_STRIP = NO;
				DEBUG_INFORMATION_FORMAT = dwarf;
				ENABLE_STRICT_OBJC_MSGSEND = YES;
				ENABLE_TESTABILITY = YES;
				ENABLE_USER_SCRIPT_SANDBOXING = YES;
				GCC_C_LANGUAGE_STANDARD = gnu17;
				GCC_DYNAMIC_NO_PIC = NO;
				GCC_NO_COMMON_BLOCKS = YES;
				GCC_OPTIMIZATION_LEVEL = 0;
				GCC_PREPROCESSOR_DEFINITIONS = (
					"DEBUG=1",
					"$(inherited)",
				);
				GCC_WARN_64_TO_32_BIT_CONVERSION = YES;
				GCC_WARN_ABOUT_RETURN_TYPE = YES_ERROR;
				GCC_WARN_UNDECLARED_SELECTOR = YES;
				GCC_WARN_UNINITIALIZED_AUTOS = YES_AGGRESSIVE;
				GCC_WARN_UNUSED_FUNCTION = YES;
				GCC_WARN_UNUSED_VARIABLE = YES;
				IPHONEOS_DEPLOYMENT_TARGET = 17.5;
				LOCALIZATION_PREFERS_STRING_CATALOGS = YES;
				MTL_ENABLE_DEBUG_INFO = INCLUDE_SOURCE;
				MTL_FAST_MATH = YES;
				ONLY_ACTIVE_ARCH = YES;
				SDKROOT = iphoneos;
				SWIFT_ACTIVE_COMPILATION_CONDITIONS = "DEBUG $(inherited)";
				SWIFT_OPTIMIZATION_LEVEL = "-Onone";
			};
			name = Debug;
		};
		81631DED2CAC67B200BAB853 /* Release */ = {
			isa = XCBuildConfiguration;
			buildSettings = {
				ALWAYS_SEARCH_USER_PATHS = NO;
				ASSETCATALOG_COMPILER_GENERATE_SWIFT_ASSET_SYMBOL_EXTENSIONS = YES;
				CLANG_ANALYZER_NONNULL = YES;
				CLANG_ANALYZER_NUMBER_OBJECT_CONVERSION = YES_AGGRESSIVE;
				CLANG_CXX_LANGUAGE_STANDARD = "gnu++20";
				CLANG_ENABLE_MODULES = YES;
				CLANG_ENABLE_OBJC_ARC = YES;
				CLANG_ENABLE_OBJC_WEAK = YES;
				CLANG_WARN_BLOCK_CAPTURE_AUTORELEASING = YES;
				CLANG_WARN_BOOL_CONVERSION = YES;
				CLANG_WARN_COMMA = YES;
				CLANG_WARN_CONSTANT_CONVERSION = YES;
				CLANG_WARN_DEPRECATED_OBJC_IMPLEMENTATIONS = YES;
				CLANG_WARN_DIRECT_OBJC_ISA_USAGE = YES_ERROR;
				CLANG_WARN_DOCUMENTATION_COMMENTS = YES;
				CLANG_WARN_EMPTY_BODY = YES;
				CLANG_WARN_ENUM_CONVERSION = YES;
				CLANG_WARN_INFINITE_RECURSION = YES;
				CLANG_WARN_INT_CONVERSION = YES;
				CLANG_WARN_NON_LITERAL_NULL_CONVERSION = YES;
				CLANG_WARN_OBJC_IMPLICIT_RETAIN_SELF = YES;
				CLANG_WARN_OBJC_LITERAL_CONVERSION = YES;
				CLANG_WARN_OBJC_ROOT_CLASS = YES_ERROR;
				CLANG_WARN_QUOTED_INCLUDE_IN_FRAMEWORK_HEADER = YES;
				CLANG_WARN_RANGE_LOOP_ANALYSIS = YES;
				CLANG_WARN_STRICT_PROTOTYPES = YES;
				CLANG_WARN_SUSPICIOUS_MOVE = YES;
				CLANG_WARN_UNGUARDED_AVAILABILITY = YES_AGGRESSIVE;
				CLANG_WARN_UNREACHABLE_CODE = YES;
				CLANG_WARN__DUPLICATE_METHOD_MATCH = YES;
				COPY_PHASE_STRIP = NO;
				DEBUG_INFORMATION_FORMAT = "dwarf-with-dsym";
				ENABLE_NS_ASSERTIONS = NO;
				ENABLE_STRICT_OBJC_MSGSEND = YES;
				ENABLE_USER_SCRIPT_SANDBOXING = YES;
				GCC_C_LANGUAGE_STANDARD = gnu17;
				GCC_NO_COMMON_BLOCKS = YES;
				GCC_WARN_64_TO_32_BIT_CONVERSION = YES;
				GCC_WARN_ABOUT_RETURN_TYPE = YES_ERROR;
				GCC_WARN_UNDECLARED_SELECTOR = YES;
				GCC_WARN_UNINITIALIZED_AUTOS = YES_AGGRESSIVE;
				GCC_WARN_UNUSED_FUNCTION = YES;
				GCC_WARN_UNUSED_VARIABLE = YES;
				IPHONEOS_DEPLOYMENT_TARGET = 17.5;
				LOCALIZATION_PREFERS_STRING_CATALOGS = YES;
				MTL_ENABLE_DEBUG_INFO = NO;
				MTL_FAST_MATH = YES;
				SDKROOT = iphoneos;
				SWIFT_COMPILATION_MODE = wholemodule;
				VALIDATE_PRODUCT = YES;
			};
			name = Release;
		};
		81631DEF2CAC67B200BAB853 /* Debug */ = {
			isa = XCBuildConfiguration;
			buildSettings = {
				ASSETCATALOG_COMPILER_APPICON_NAME = AppIcon;
				ASSETCATALOG_COMPILER_GLOBAL_ACCENT_COLOR_NAME = AccentColor;
				CODE_SIGN_STYLE = Automatic;
				CURRENT_PROJECT_VERSION = 1;
				GENERATE_INFOPLIST_FILE = YES;
				INFOPLIST_FILE = "ToDo-App/Info.plist";
				INFOPLIST_KEY_UIApplicationSupportsIndirectInputEvents = YES;
				INFOPLIST_KEY_UILaunchStoryboardName = LaunchScreen;
				INFOPLIST_KEY_UIMainStoryboardFile = Main;
				INFOPLIST_KEY_UISupportedInterfaceOrientations_iPad = "UIInterfaceOrientationPortrait UIInterfaceOrientationPortraitUpsideDown UIInterfaceOrientationLandscapeLeft UIInterfaceOrientationLandscapeRight";
				INFOPLIST_KEY_UISupportedInterfaceOrientations_iPhone = "UIInterfaceOrientationPortrait UIInterfaceOrientationLandscapeLeft UIInterfaceOrientationLandscapeRight";
				LD_RUNPATH_SEARCH_PATHS = (
					"$(inherited)",
					"@executable_path/Frameworks",
				);
				MARKETING_VERSION = 1.0;
				PRODUCT_BUNDLE_IDENTIFIER = "com.nsharifova.ToDo-App";
				PRODUCT_NAME = "$(TARGET_NAME)";
				SWIFT_EMIT_LOC_STRINGS = YES;
				SWIFT_VERSION = 5.0;
				TARGETED_DEVICE_FAMILY = "1,2";
			};
			name = Debug;
		};
		81631DF02CAC67B200BAB853 /* Release */ = {
			isa = XCBuildConfiguration;
			buildSettings = {
				ASSETCATALOG_COMPILER_APPICON_NAME = AppIcon;
				ASSETCATALOG_COMPILER_GLOBAL_ACCENT_COLOR_NAME = AccentColor;
				CODE_SIGN_STYLE = Automatic;
				CURRENT_PROJECT_VERSION = 1;
				GENERATE_INFOPLIST_FILE = YES;
				INFOPLIST_FILE = "ToDo-App/Info.plist";
				INFOPLIST_KEY_UIApplicationSupportsIndirectInputEvents = YES;
				INFOPLIST_KEY_UILaunchStoryboardName = LaunchScreen;
				INFOPLIST_KEY_UIMainStoryboardFile = Main;
				INFOPLIST_KEY_UISupportedInterfaceOrientations_iPad = "UIInterfaceOrientationPortrait UIInterfaceOrientationPortraitUpsideDown UIInterfaceOrientationLandscapeLeft UIInterfaceOrientationLandscapeRight";
				INFOPLIST_KEY_UISupportedInterfaceOrientations_iPhone = "UIInterfaceOrientationPortrait UIInterfaceOrientationLandscapeLeft UIInterfaceOrientationLandscapeRight";
				LD_RUNPATH_SEARCH_PATHS = (
					"$(inherited)",
					"@executable_path/Frameworks",
				);
				MARKETING_VERSION = 1.0;
				PRODUCT_BUNDLE_IDENTIFIER = "com.nsharifova.ToDo-App";
				PRODUCT_NAME = "$(TARGET_NAME)";
				SWIFT_EMIT_LOC_STRINGS = YES;
				SWIFT_VERSION = 5.0;
				TARGETED_DEVICE_FAMILY = "1,2";
			};
			name = Release;
		};
/* End XCBuildConfiguration section */

/* Begin XCConfigurationList section */
		81631DD22CAC67B000BAB853 /* Build configuration list for PBXProject "ToDo-App" */ = {
			isa = XCConfigurationList;
			buildConfigurations = (
				81631DEC2CAC67B200BAB853 /* Debug */,
				81631DED2CAC67B200BAB853 /* Release */,
			);
			defaultConfigurationIsVisible = 0;
			defaultConfigurationName = Release;
		};
		81631DEE2CAC67B200BAB853 /* Build configuration list for PBXNativeTarget "ToDo-App" */ = {
			isa = XCConfigurationList;
			buildConfigurations = (
				81631DEF2CAC67B200BAB853 /* Debug */,
				81631DF02CAC67B200BAB853 /* Release */,
			);
			defaultConfigurationIsVisible = 0;
			defaultConfigurationName = Release;
		};
/* End XCConfigurationList section */

/* Begin XCVersionGroup section */
		81631DE32CAC67B000BAB853 /* ToDo_App.xcdatamodeld */ = {
			isa = XCVersionGroup;
			children = (
				81631DE42CAC67B000BAB853 /* ToDo_App.xcdatamodel */,
			);
			currentVersion = 81631DE42CAC67B000BAB853 /* ToDo_App.xcdatamodel */;
			path = ToDo_App.xcdatamodeld;
			sourceTree = "<group>";
			versionGroupType = wrapper.xcdatamodel;
		};
/* End XCVersionGroup section */
	};
	rootObject = 81631DCF2CAC67B000BAB853 /* Project object */;
}
